
Microsoft Visual Studio Solution File, Format Version 12.00
# Visual Studio 14
VisualStudioVersion = 14.0.25420.1
MinimumVisualStudioVersion = 10.0.40219.1
Project("{FAE04EC0-301F-11D3-BF4B-00C04F79EFBC}") = "Bai 1-server", "Bai 1-server\Bai 1-server.csproj", "{69095EE4-FB64-4538-83A0-A259513E1640}"
EndProject
Project("{FAE04EC0-301F-11D3-BF4B-00C04F79EFBC}") = "Bai 1-Client", "Bai 1-Client\Bai 1-Client.csproj", "{898896F2-18E4-47E3-8D57-F0D885D95847}"
EndProject
Project("{FAE04EC0-301F-11D3-BF4B-00C04F79EFBC}") = "Bai 3", "Bai 3\Bai 3.csproj", "{D06377BE-4FB1-474E-B4D7-30D5D7CC575E}"
EndProject
Global
	GlobalSection(SolutionConfigurationPlatforms) = preSolution
		Debug|Any CPU = Debug|Any CPU
		Release|Any CPU = Release|Any CPU
	EndGlobalSection
	GlobalSection(ProjectConfigurationPlatforms) = postSolution
		{69095EE4-FB64-4538-83A0-A259513E1640}.Debug|Any CPU.ActiveCfg = Debug|Any CPU
		{69095EE4-FB64-4538-83A0-A259513E1640}.Debug|Any CPU.Build.0 = Debug|Any CPU
		{69095EE4-FB64-4538-83A0-A259513E1640}.Release|Any CPU.ActiveCfg = Release|Any CPU
		{69095EE4-FB64-4538-83A0-A259513E1640}.Release|Any CPU.Build.0 = Release|Any CPU
		{898896F2-18E4-47E3-8D57-F0D885D95847}.Debug|Any CPU.ActiveCfg = Debug|Any CPU
		{898896F2-18E4-47E3-8D57-F0D885D95847}.Debug|Any CPU.Build.0 = Debug|Any CPU
		{898896F2-18E4-47E3-8D57-F0D885D95847}.Release|Any CPU.ActiveCfg = Release|Any CPU
		{898896F2-18E4-47E3-8D57-F0D885D95847}.Release|Any CPU.Build.0 = Release|Any CPU
		{D06377BE-4FB1-474E-B4D7-30D5D7CC575E}.Debug|Any CPU.ActiveCfg = Debug|Any CPU
		{D06377BE-4FB1-474E-B4D7-30D5D7CC575E}.Debug|Any CPU.Build.0 = Debug|Any CPU
		{D06377BE-4FB1-474E-B4D7-30D5D7CC575E}.Release|Any CPU.ActiveCfg = Release|Any CPU
		{D06377BE-4FB1-474E-B4D7-30D5D7CC575E}.Release|Any CPU.Build.0 = Release|Any CPU
	EndGlobalSection
	GlobalSection(SolutionProperties) = preSolution
		HideSolutionNode = FALSE
	EndGlobalSection
EndGlobal
